# This file is automatically @generated by Cargo.
# It is not intended for manual editing.
version = 4

[[package]]
name = "lkjagent-cli"
version = "0.0.0"

[[package]]
name = "lkjagent-context"
version = "0.0.0"

[[package]]
name = "lkjagent-llm"
version = "0.0.0"

[[package]]
name = "lkjagent-protocol"
version = "0.0.0"

[[package]]
name = "lkjagent-runtime"
version = "0.0.0"

[[package]]
name = "lkjagent-skills"
version = "0.0.0"

[[package]]
name = "lkjagent-store"
version = "0.0.0"

[[package]]
name = "lkjagent-tools"
version = "0.0.0"

[[package]]
name = "lkjagent-xtask"
version = "0.0.0"
